{
  "name": "cssobj-converter",
  "version": "2.4.0",
  "lockfileVersion": 1,
  "requires": true,
  "dependencies": {
    "acorn-to-esprima": {
      "version": "2.0.8",
      "resolved": "https://registry.npmjs.org/acorn-to-esprima/-/acorn-to-esprima-2.0.8.tgz",
      "integrity": "sha1-AD8MZC65ITL0F9NwjxStqCrfLrE="
    },
    "amdefine": {
      "version": "1.0.1",
      "resolved": "https://registry.npmjs.org/amdefine/-/amdefine-1.0.1.tgz",
      "integrity": "sha1-SlKCrBZHKek2Gbz9OtFR+BfOkfU=",
      "dev": true
    },
    "ansi-regex": {
      "version": "2.1.1",
      "resolved": "https://registry.npmjs.org/ansi-regex/-/ansi-regex-2.1.1.tgz",
      "integrity": "sha1-w7M6te42DYbg5ijwRorn7yfWVN8="
    },
    "ansi-styles": {
      "version": "2.2.1",
      "resolved": "https://registry.npmjs.org/ansi-styles/-/ansi-styles-2.2.1.tgz",
      "integrity": "sha1-tDLdM1i2NM914eRmQ2gkBTPB3b4="
    },
    "assertion-error": {
      "version": "1.1.0",
      "resolved": "https://registry.npmjs.org/assertion-error/-/assertion-error-1.1.0.tgz",
      "integrity": "sha512-jgsaNduz+ndvGyFt3uSuWqvy4lCnIJiovtouQN5JZHOKCS2QuhEdbcQHFhVksz2N2U9hXJo8odG7ETyWlEeuDw==",
      "dev": true
    },
    "atob": {
      "version": "1.1.3",
      "resolved": "https://registry.npmjs.org/atob/-/atob-1.1.3.tgz",
      "integrity": "sha1-lfE2KbEsOlGl0hWr3OKqnzL4B3M=",
      "dev": true
    },
    "babel-code-frame": {
      "version": "6.26.0",
      "resolved": "https://registry.npmjs.org/babel-code-frame/-/babel-code-frame-6.26.0.tgz",
      "integrity": "sha1-Y/1D99weO7fONZR9uP42mj9Yx0s=",
      "requires": {
        "chalk": "1.1.3",
        "esutils": "2.0.2",
        "js-tokens": "3.0.2"
      }
    },
    "babel-messages": {
      "version": "6.23.0",
      "resolved": "https://registry.npmjs.org/babel-messages/-/babel-messages-6.23.0.tgz",
      "integrity": "sha1-8830cDhYA1sqKVHG7F7fbGLyYw4=",
      "requires": {
        "babel-runtime": "6.26.0"
      }
    },
    "babel-runtime": {
      "version": "6.26.0",
      "resolved": "https://registry.npmjs.org/babel-runtime/-/babel-runtime-6.26.0.tgz",
      "integrity": "sha1-llxwWGaOgrVde/4E/yM3vItWR/4=",
      "requires": {
        "core-js": "2.5.3",
        "regenerator-runtime": "0.11.1"
      }
    },
    "babel-traverse": {
      "version": "6.26.0",
      "resolved": "https://registry.npmjs.org/babel-traverse/-/babel-traverse-6.26.0.tgz",
      "integrity": "sha1-RqnL1+3MYsjlwGTi0tjQ9ANXZu4=",
      "requires": {
        "babel-code-frame": "6.26.0",
        "babel-messages": "6.23.0",
        "babel-runtime": "6.26.0",
        "babel-types": "6.26.0",
        "babylon": "6.18.0",
        "debug": "2.6.9",
        "globals": "9.18.0",
        "invariant": "2.2.4",
        "lodash": "4.17.5"
      },
      "dependencies": {
        "debug": {
          "version": "2.6.9",
          "resolved": "https://registry.npmjs.org/debug/-/debug-2.6.9.tgz",
          "integrity": "sha512-bC7ElrdJaJnPbAP+1EotYvqZsb3ecl5wi6Bfi6BJTUcNowp6cvspg0jXznRTKDjm/E7AdgFBVeAPVMNcKGsHMA==",
          "requires": {
            "ms": "2.0.0"
          }
        }
      }
    },
    "babel-types": {
      "version": "6.26.0",
      "resolved": "https://registry.npmjs.org/babel-types/-/babel-types-6.26.0.tgz",
      "integrity": "sha1-o7Bz+Uq0nrb6Vc1lInozQ4BjJJc=",
      "requires": {
        "babel-runtime": "6.26.0",
        "esutils": "2.0.2",
        "lodash": "4.17.5",
        "to-fast-properties": "1.0.3"
      }
    },
    "babylon": {
      "version": "6.18.0",
      "resolved": "https://registry.npmjs.org/babylon/-/babylon-6.18.0.tgz",
      "integrity": "sha512-q/UEjfGJ2Cm3oKV71DJz9d25TPnq5rhBVL2Q4fA5wcC3jcrdn7+SssEybFIxwAvvP+YCsCYNKughoF33GxgycQ=="
    },
    "balanced-match": {
      "version": "1.0.0",
      "resolved": "https://registry.npmjs.org/balanced-match/-/balanced-match-1.0.0.tgz",
      "integrity": "sha1-ibTRmasr7kneFk6gK4nORi1xt2c="
    },
    "brace-expansion": {
      "version": "1.1.11",
      "resolved": "https://registry.npmjs.org/brace-expansion/-/brace-expansion-1.1.11.tgz",
      "integrity": "sha512-iCuPHDFgrHX7H2vEI/5xpz07zSHB00TpugqhmYtVmMO6518mCuRMoOYFldEBl0g187ufozdaHgWKcYFb61qGiA==",
      "requires": {
        "balanced-match": "1.0.0",
        "concat-map": "0.0.1"
      }
    },
    "chai": {
      "version": "3.5.0",
      "resolved": "https://registry.npmjs.org/chai/-/chai-3.5.0.tgz",
      "integrity": "sha1-TQJjewZ/6Vi9v906QOxW/vc3Mkc=",
      "dev": true,
      "requires": {
        "assertion-error": "1.1.0",
        "deep-eql": "0.1.3",
        "type-detect": "1.0.0"
      }
    },
    "chalk": {
      "version": "1.1.3",
      "resolved": "https://registry.npmjs.org/chalk/-/chalk-1.1.3.tgz",
      "integrity": "sha1-qBFcVeSnAv5NFQq9OHKCKn4J/Jg=",
      "requires": {
        "ansi-styles": "2.2.1",
        "escape-string-regexp": "1.0.5",
        "has-ansi": "2.0.0",
        "strip-ansi": "3.0.1",
        "supports-color": "2.0.0"
      },
      "dependencies": {
        "supports-color": {
          "version": "2.0.0",
          "resolved": "https://registry.npmjs.org/supports-color/-/supports-color-2.0.0.tgz",
          "integrity": "sha1-U10EXOa2Nj+kARcIRimZXp3zJMc="
        }
      }
    },
    "chardet": {
      "version": "0.1.0",
      "resolved": "https://registry.npmjs.org/chardet/-/chardet-0.1.0.tgz",
      "integrity": "sha1-4mZhLVt4Ji6ZhmPvF9But6G3uMI=",
      "dev": true
    },
    "commander": {
      "version": "2.15.1",
      "resolved": "https://registry.npmjs.org/commander/-/commander-2.15.1.tgz",
      "integrity": "sha512-VlfT9F3V0v+jr4yxPc5gg9s62/fIVWsd2Bk2iD435um1NlGMYdVCq+MjcXnhYq2icNOizHr1kK+5TI6H0Hy0ag=="
    },
    "concat-map": {
      "version": "0.0.1",
      "resolved": "https://registry.npmjs.org/concat-map/-/concat-map-0.0.1.tgz",
      "integrity": "sha1-2Klr13/Wjfd5OnMDajug1UBdR3s="
    },
    "core-js": {
      "version": "2.5.3",
      "resolved": "https://registry.npmjs.org/core-js/-/core-js-2.5.3.tgz",
      "integrity": "sha1-isw4NFgk8W2DZbfJtCWRaOjtYD4="
    },
    "css": {
      "version": "2.2.1",
      "resolved": "https://registry.npmjs.org/css/-/css-2.2.1.tgz",
      "integrity": "sha1-c6TIHehdtmTU7mdPfUcIXjstVdw=",
      "dev": true,
      "requires": {
        "inherits": "2.0.3",
        "source-map": "0.1.43",
        "source-map-resolve": "0.3.1",
        "urix": "0.1.0"
      },
      "dependencies": {
        "source-map": {
          "version": "0.1.43",
          "resolved": "https://registry.npmjs.org/source-map/-/source-map-0.1.43.tgz",
          "integrity": "sha1-wkvBRspRfBRx9drL4lcbK3+eM0Y=",
          "dev": true,
          "requires": {
            "amdefine": "1.0.1"
          }
        }
      }
    },
    "css-semdiff": {
      "version": "1.1.1",
      "resolved": "https://registry.npmjs.org/css-semdiff/-/css-semdiff-1.1.1.tgz",
      "integrity": "sha1-Y3EyOlSDdMb3hZMtvSA/rNdFCqw=",
      "dev": true,
      "requires": {
        "chardet": "0.1.0",
        "commander": "2.15.1",
        "css": "2.2.1"
      }
    },
    "cssobj-core": {
      "version": "1.1.9",
      "resolved": "https://registry.npmjs.org/cssobj-core/-/cssobj-core-1.1.9.tgz",
      "integrity": "sha512-uSrKn8p5qE0UMJYa+jfwDy7OPDBFdywBZKZDmSw+dHcqlRgnf5NKtBA+UeN2vq6B6ElAhEpU6gg36CsPJvV+Uw=="
    },
    "cssobj-plugin-gencss": {
      "version": "2.0.7",
      "resolved": "https://registry.npmjs.org/cssobj-plugin-gencss/-/cssobj-plugin-gencss-2.0.7.tgz",
      "integrity": "sha1-AjBj4e8jU+J1fjzlbSx+tOxnDYk="
    },
    "debug": {
      "version": "0.7.4",
      "resolved": "https://registry.npmjs.org/debug/-/debug-0.7.4.tgz",
      "integrity": "sha1-BuHqgILCyxTjmAbiLi9vdX+Srzk="
    },
    "deep-eql": {
      "version": "0.1.3",
      "resolved": "https://registry.npmjs.org/deep-eql/-/deep-eql-0.1.3.tgz",
      "integrity": "sha1-71WKyrjeJSBs1xOQbXTlaTDrafI=",
      "dev": true,
      "requires": {
        "type-detect": "0.1.1"
      },
      "dependencies": {
        "type-detect": {
          "version": "0.1.1",
          "resolved": "https://registry.npmjs.org/type-detect/-/type-detect-0.1.1.tgz",
          "integrity": "sha1-C6XsKohWQORw6k6FBZcZANrFiCI=",
          "dev": true
        }
      }
    },
    "diff": {
      "version": "1.4.0",
      "resolved": "https://registry.npmjs.org/diff/-/diff-1.4.0.tgz",
      "integrity": "sha1-fyjS657nsVqX79ic5j3P2qPMur8="
    },
    "disparity": {
      "version": "2.0.0",
      "resolved": "https://registry.npmjs.org/disparity/-/disparity-2.0.0.tgz",
      "integrity": "sha1-V92stHMkrl9Y0swNqIbbTOnutxg=",
      "requires": {
        "ansi-styles": "2.2.1",
        "diff": "1.4.0"
      }
    },
    "dive": {
      "version": "0.5.0",
      "resolved": "https://registry.npmjs.org/dive/-/dive-0.5.0.tgz",
      "integrity": "sha1-BtDgft0l2oSVmLrKtE1R8oCb7Ec="
    },
    "escape-string-regexp": {
      "version": "1.0.5",
      "resolved": "https://registry.npmjs.org/escape-string-regexp/-/escape-string-regexp-1.0.5.tgz",
      "integrity": "sha1-G2HAViGQqN/2rjuyzwIAyhMLhtQ="
    },
    "esformatter": {
      "version": "0.10.0",
      "resolved": "https://registry.npmjs.org/esformatter/-/esformatter-0.10.0.tgz",
      "integrity": "sha1-4yHsw9lAgzcs389cb5Qs72/sWdM=",
      "requires": {
        "acorn-to-esprima": "2.0.8",
        "babel-traverse": "6.26.0",
        "debug": "0.7.4",
        "disparity": "2.0.0",
        "esformatter-parser": "1.0.0",
        "glob": "7.1.2",
        "minimatch": "3.0.4",
        "minimist": "1.2.0",
        "mout": "1.1.0",
        "npm-run": "3.0.0",
        "resolve": "1.6.0",
        "rocambole": "0.7.0",
        "rocambole-indent": "2.0.4",
        "rocambole-linebreak": "1.0.2",
        "rocambole-node": "1.0.0",
        "rocambole-token": "1.2.1",
        "rocambole-whitespace": "1.0.0",
        "stdin": "0.0.1",
        "strip-json-comments": "0.1.3",
        "supports-color": "1.3.1",
        "user-home": "2.0.0"
      }
    },
    "esformatter-parser": {
      "version": "1.0.0",
      "resolved": "https://registry.npmjs.org/esformatter-parser/-/esformatter-parser-1.0.0.tgz",
      "integrity": "sha1-CFQHLQSHU57TnK442KVDLBfsEdM=",
      "requires": {
        "acorn-to-esprima": "2.0.8",
        "babel-traverse": "6.26.0",
        "babylon": "6.18.0",
        "rocambole": "0.7.0"
      }
    },
    "esprima": {
      "version": "2.7.3",
      "resolved": "https://registry.npmjs.org/esprima/-/esprima-2.7.3.tgz",
      "integrity": "sha1-luO3DVd59q1JzQMmc9HDEnZ7pYE="
    },
    "esutils": {
      "version": "2.0.2",
      "resolved": "https://registry.npmjs.org/esutils/-/esutils-2.0.2.tgz",
      "integrity": "sha1-Cr9PHKpbyx96nYrMbepPqqBLrJs="
    },
    "fs.realpath": {
      "version": "1.0.0",
      "resolved": "https://registry.npmjs.org/fs.realpath/-/fs.realpath-1.0.0.tgz",
      "integrity": "sha1-FQStJSMVjKpA20onh8sBQRmU6k8="
    },
    "glob": {
      "version": "7.1.2",
      "resolved": "https://registry.npmjs.org/glob/-/glob-7.1.2.tgz",
      "integrity": "sha512-MJTUg1kjuLeQCJ+ccE4Vpa6kKVXkPYJ2mOCQyUuKLcLQsdrMCpBPUi8qVE6+YuaJkozeA9NusTAw3hLr8Xe5EQ==",
      "requires": {
        "fs.realpath": "1.0.0",
        "inflight": "1.0.6",
        "inherits": "2.0.3",
        "minimatch": "3.0.4",
        "once": "1.4.0",
        "path-is-absolute": "1.0.1"
      }
    },
    "globals": {
      "version": "9.18.0",
      "resolved": "https://registry.npmjs.org/globals/-/globals-9.18.0.tgz",
      "integrity": "sha512-S0nG3CLEQiY/ILxqtztTWH/3iRRdyBLw6KMDxnKMchrtbj2OFmehVh0WUCfW3DUrIgx/qFrJPICrq4Z4sTR9UQ=="
    },
    "has-ansi": {
      "version": "2.0.0",
      "resolved": "https://registry.npmjs.org/has-ansi/-/has-ansi-2.0.0.tgz",
      "integrity": "sha1-NPUEnOHs3ysGSa8+8k5F7TVBbZE=",
      "requires": {
        "ansi-regex": "2.1.1"
      }
    },
    "has-flag": {
      "version": "1.0.0",
      "resolved": "https://registry.npmjs.org/has-flag/-/has-flag-1.0.0.tgz",
      "integrity": "sha1-nZ55MWXOAXoA8AQYxD+UKnsdEfo="
    },
    "inflight": {
      "version": "1.0.6",
      "resolved": "https://registry.npmjs.org/inflight/-/inflight-1.0.6.tgz",
      "integrity": "sha1-Sb1jMdfQLQwJvJEKEHW6gWW1bfk=",
      "requires": {
        "once": "1.4.0",
        "wrappy": "1.0.2"
      }
    },
    "inherits": {
      "version": "2.0.3",
      "resolved": "https://registry.npmjs.org/inherits/-/inherits-2.0.3.tgz",
      "integrity": "sha1-Yzwsg+PaQqUC9SRmAiSA9CCCYd4="
    },
    "invariant": {
      "version": "2.2.4",
      "resolved": "https://registry.npmjs.org/invariant/-/invariant-2.2.4.tgz",
      "integrity": "sha512-phJfQVBuaJM5raOpJjSfkiD6BpbCE4Ns//LaXl6wGYtUBY83nWS6Rf9tXm2e8VaK60JEjYldbPif/A2B1C2gNA==",
      "requires": {
        "loose-envify": "1.3.1"
      }
    },
    "isexe": {
      "version": "2.0.0",
      "resolved": "https://registry.npmjs.org/isexe/-/isexe-2.0.0.tgz",
      "integrity": "sha1-6PvzdNxVb/iUehDcsFctYz8s+hA="
    },
    "jade": {
      "version": "0.26.3",
      "resolved": "https://registry.npmjs.org/jade/-/jade-0.26.3.tgz",
      "integrity": "sha1-jxDXl32NefL2/4YqgbBRPMslaGw=",
      "dev": true,
      "requires": {
        "commander": "0.6.1",
        "mkdirp": "0.3.0"
      },
      "dependencies": {
        "commander": {
          "version": "0.6.1",
          "resolved": "https://registry.npmjs.org/commander/-/commander-0.6.1.tgz",
          "integrity": "sha1-+mihT2qUXVTbvlDYzbMyDp47GgY=",
          "dev": true
        },
        "mkdirp": {
          "version": "0.3.0",
          "resolved": "https://registry.npmjs.org/mkdirp/-/mkdirp-0.3.0.tgz",
          "integrity": "sha1-G79asbqCevI1dRQ0kEJkVfSB/h4=",
          "dev": true
        }
      }
    },
    "js-base64": {
      "version": "2.4.3",
      "resolved": "https://registry.npmjs.org/js-base64/-/js-base64-2.4.3.tgz",
      "integrity": "sha512-H7ErYLM34CvDMto3GbD6xD0JLUGYXR3QTcH6B/tr4Hi/QpSThnCsIp+Sy5FRTw3B0d6py4HcNkW7nO/wdtGWEw=="
    },
    "js-tokens": {
      "version": "3.0.2",
      "resolved": "https://registry.npmjs.org/js-tokens/-/js-tokens-3.0.2.tgz",
      "integrity": "sha1-mGbfOVECEw449/mWvOtlRDIJwls="
    },
    "lodash": {
      "version": "4.17.5",
      "resolved": "https://registry.npmjs.org/lodash/-/lodash-4.17.5.tgz",
      "integrity": "sha512-svL3uiZf1RwhH+cWrfZn3A4+U58wbP0tGVTLQPbjplZxZ8ROD9VLuNgsRniTlLe7OlSqR79RUehXgpBW/s0IQw=="
    },
    "loose-envify": {
      "version": "1.3.1",
      "resolved": "https://registry.npmjs.org/loose-envify/-/loose-envify-1.3.1.tgz",
      "integrity": "sha1-0aitM/qc4OcT1l/dCsi3SNR4yEg=",
      "requires": {
        "js-tokens": "3.0.2"
      }
    },
    "lru-cache": {
      "version": "2.7.3",
      "resolved": "https://registry.npmjs.org/lru-cache/-/lru-cache-2.7.3.tgz",
      "integrity": "sha1-bUUk6LlV+V1PW1iFHOId1y+06VI=",
      "dev": true
    },
    "minimatch": {
      "version": "3.0.4",
      "resolved": "https://registry.npmjs.org/minimatch/-/minimatch-3.0.4.tgz",
      "integrity": "sha512-yJHVQEhyqPLUTgt9B83PXu6W3rx4MvvHvSUvToogpwoGDOUQ+yDrR0HRot+yOCdCO7u4hX3pWft6kWBBcqh0UA==",
      "requires": {
        "brace-expansion": "1.1.11"
      }
    },
    "minimist": {
      "version": "1.2.0",
      "resolved": "https://registry.npmjs.org/minimist/-/minimist-1.2.0.tgz",
      "integrity": "sha1-o1AIsg9BOD7sH7kU9M1d95omQoQ="
    },
    "mkdirp": {
      "version": "0.5.1",
      "resolved": "https://registry.npmjs.org/mkdirp/-/mkdirp-0.5.1.tgz",
      "integrity": "sha1-MAV0OOrGz3+MR2fzhkjWaX11yQM=",
      "dev": true,
      "requires": {
        "minimist": "0.0.8"
      },
      "dependencies": {
        "minimist": {
          "version": "0.0.8",
          "resolved": "https://registry.npmjs.org/minimist/-/minimist-0.0.8.tgz",
          "integrity": "sha1-hX/Kv8M5fSYluCKCYuhqp6ARsF0=",
          "dev": true
        }
      }
    },
    "mocha": {
      "version": "2.5.3",
      "resolved": "https://registry.npmjs.org/mocha/-/mocha-2.5.3.tgz",
      "integrity": "sha1-FhvlvetJZ3HrmzV0UFC2IrWu/Fg=",
      "dev": true,
      "requires": {
        "commander": "2.3.0",
        "debug": "2.2.0",
        "diff": "1.4.0",
        "escape-string-regexp": "1.0.2",
        "glob": "3.2.11",
        "growl": "1.9.2",
        "jade": "0.26.3",
        "mkdirp": "0.5.1",
        "supports-color": "1.2.0",
        "to-iso-string": "0.0.2"
      },
      "dependencies": {
        "commander": {
          "version": "2.3.0",
          "resolved": "https://registry.npmjs.org/commander/-/commander-2.3.0.tgz",
          "integrity": "sha1-/UMOiJgy7DU7ms0d4hfBHLPu+HM=",
          "dev": true
        },
        "debug": {
          "version": "2.2.0",
          "resolved": "https://registry.npmjs.org/debug/-/debug-2.2.0.tgz",
          "integrity": "sha1-+HBX6ZWxofauaklgZkE3vFbwOdo=",
          "dev": true,
          "requires": {
            "ms": "0.7.1"
          }
        },
        "escape-string-regexp": {
          "version": "1.0.2",
          "resolved": "https://registry.npmjs.org/escape-string-regexp/-/escape-string-regexp-1.0.2.tgz",
          "integrity": "sha1-Tbwv5nTnGUnK8/smlc5/LcHZqNE=",
          "dev": true
        },
        "glob": {
          "version": "3.2.11",
          "resolved": "https://registry.npmjs.org/glob/-/glob-3.2.11.tgz",
          "integrity": "sha1-Spc/Y1uRkPcV0QmH1cAP0oFevj0=",
          "dev": true,
          "requires": {
            "inherits": "2.0.3",
            "minimatch": "0.3.0"
          }
        },
        "minimatch": {
          "version": "0.3.0",
          "resolved": "https://registry.npmjs.org/minimatch/-/minimatch-0.3.0.tgz",
          "integrity": "sha1-J12O2qxPG7MyZHIInnlJyDlGmd0=",
          "dev": true,
          "requires": {
            "lru-cache": "2.7.3",
            "sigmund": "1.0.1"
          }
        },
        "ms": {
          "version": "0.7.1",
          "resolved": "https://registry.npmjs.org/ms/-/ms-0.7.1.tgz",
          "integrity": "sha1-nNE8A62/8ltl7/3nzoZO6VIBcJg=",
          "dev": true
        },
        "supports-color": {
          "version": "1.2.0",
          "resolved": "https://registry.npmjs.org/supports-color/-/supports-color-1.2.0.tgz",
          "integrity": "sha1-/x7R5hFp0Gs88tWI4YixjYhH4X4=",
          "dev": true
        }
      }
    },
    "mout": {
      "version": "1.1.0",
      "resolved": "https://registry.npmjs.org/mout/-/mout-1.1.0.tgz",
      "integrity": "sha512-XsP0vf4As6BfqglxZqbqQ8SR6KQot2AgxvR0gG+WtUkf90vUXchMOZQtPf/Hml1rEffJupqL/tIrU6EYhsUQjw=="
    },
    "ms": {
      "version": "2.0.0",
      "resolved": "https://registry.npmjs.org/ms/-/ms-2.0.0.tgz",
      "integrity": "sha1-VgiurfwAvmwpAd9fmGF4jeDVl8g="
    },
    "node-watch": {
      "version": "0.4.1",
      "resolved": "https://registry.npmjs.org/node-watch/-/node-watch-0.4.1.tgz",
      "integrity": "sha1-0JR9VKmV+RE120BWtocixtfDIq0="
    },
    "npm-path": {
      "version": "1.1.0",
      "resolved": "https://registry.npmjs.org/npm-path/-/npm-path-1.1.0.tgz",
      "integrity": "sha1-BHSuAEGcMn1UcBt88s0F3Ii+EUA=",
      "requires": {
        "which": "1.3.0"
      }
    },
    "npm-run": {
      "version": "3.0.0",
      "resolved": "https://registry.npmjs.org/npm-run/-/npm-run-3.0.0.tgz",
      "integrity": "sha1-Vokg+ECpj9jiKZ22ayYW4kdsr2k=",
      "requires": {
        "minimist": "1.2.0",
        "npm-path": "1.1.0",
        "npm-which": "2.0.0",
        "serializerr": "1.0.3",
        "sync-exec": "0.6.2"
      }
    },
    "npm-which": {
      "version": "2.0.0",
      "resolved": "https://registry.npmjs.org/npm-which/-/npm-which-2.0.0.tgz",
      "integrity": "sha1-DEaYIWC3gwk2YdHQG9RJbS/qu6w=",
      "requires": {
        "commander": "2.15.1",
        "npm-path": "1.1.0",
        "which": "1.3.0"
      }
    },
    "objutil": {
      "version": "2.11.1",
      "resolved": "https://registry.npmjs.org/objutil/-/objutil-2.11.1.tgz",
      "integrity": "sha1-hHaRn3ccosp/8p3ilaXEdRU5RbQ="
    },
    "once": {
      "version": "1.4.0",
      "resolved": "https://registry.npmjs.org/once/-/once-1.4.0.tgz",
      "integrity": "sha1-WDsap3WWHUsROsF9nFC6753Xa9E=",
      "requires": {
        "wrappy": "1.0.2"
      }
    },
    "os-homedir": {
      "version": "1.0.2",
      "resolved": "https://registry.npmjs.org/os-homedir/-/os-homedir-1.0.2.tgz",
      "integrity": "sha1-/7xJiDNuDoM94MFox+8VISGqf7M="
    },
    "path-is-absolute": {
      "version": "1.0.1",
      "resolved": "https://registry.npmjs.org/path-is-absolute/-/path-is-absolute-1.0.1.tgz",
      "integrity": "sha1-F0uSaHNVNP+8es5r9TpanhtcX18="
    },
    "path-parse": {
      "version": "1.0.5",
      "resolved": "https://registry.npmjs.org/path-parse/-/path-parse-1.0.5.tgz",
      "integrity": "sha1-PBrfhx6pzWyUMbbqK9dKD/BVxME="
    },
    "postcss": {
      "version": "5.2.18",
      "resolved": "https://registry.npmjs.org/postcss/-/postcss-5.2.18.tgz",
      "integrity": "sha512-zrUjRRe1bpXKsX1qAJNJjqZViErVuyEkMTRrwu4ud4sbTtIBRmtaYDrHmcGgmrbsW3MHfmtIf+vJumgQn+PrXg==",
      "requires": {
        "chalk": "1.1.3",
        "js-base64": "2.4.3",
        "source-map": "0.5.7",
        "supports-color": "3.2.3"
      },
      "dependencies": {
        "supports-color": {
          "version": "3.2.3",
          "resolved": "https://registry.npmjs.org/supports-color/-/supports-color-3.2.3.tgz",
          "integrity": "sha1-ZawFBLOVQXHYpklGsq48u4pfVPY=",
          "requires": {
            "has-flag": "1.0.0"
          }
        }
      }
    },
    "postcss-less": {
      "version": "0.14.0",
      "resolved": "https://registry.npmjs.org/postcss-less/-/postcss-less-0.14.0.tgz",
      "integrity": "sha1-xjGwicbM5CK5oQ86lY0r7dOBkyQ=",
      "requires": {
        "postcss": "5.2.18"
      }
    },
    "postcss-scss": {
      "version": "0.1.9",
      "resolved": "https://registry.npmjs.org/postcss-scss/-/postcss-scss-0.1.9.tgz",
      "integrity": "sha1-dgbK/2S7SzS3YFq3SVdM942Iawg=",
      "requires": {
        "postcss": "5.2.18"
      }
    },
    "protochain": {
      "version": "1.0.5",
      "resolved": "https://registry.npmjs.org/protochain/-/protochain-1.0.5.tgz",
      "integrity": "sha1-mRxAfpneJkqt+PgVBLXn+ve/omA="
    },
    "regenerator-runtime": {
      "version": "0.11.1",
      "resolved": "https://registry.npmjs.org/regenerator-runtime/-/regenerator-runtime-0.11.1.tgz",
      "integrity": "sha512-MguG95oij0fC3QV3URf4V2SDYGJhJnJGqvIIgdECeODCT98wSWDAJ94SSuVpYQUoTcGUIL6L4yNB7j1DFFHSBg=="
    },
    "repeat-string": {
      "version": "1.6.1",
      "resolved": "https://registry.npmjs.org/repeat-string/-/repeat-string-1.6.1.tgz",
      "integrity": "sha1-jcrkcOHIirwtYA//Sndihtp15jc="
    },
    "resolve": {
      "version": "1.6.0",
      "resolved": "https://registry.npmjs.org/resolve/-/resolve-1.6.0.tgz",
      "integrity": "sha512-mw7JQNu5ExIkcw4LPih0owX/TZXjD/ZUF/ZQ/pDnkw3ZKhDcZZw5klmBlj6gVMwjQ3Pz5Jgu7F3d0jcDVuEWdw==",
      "requires": {
        "path-parse": "1.0.5"
      }
    },
    "resolve-url": {
      "version": "0.2.1",
      "resolved": "https://registry.npmjs.org/resolve-url/-/resolve-url-0.2.1.tgz",
      "integrity": "sha1-LGN/53yJOv0qZj/iGqkIAGjiBSo=",
      "dev": true
    },
    "rocambole": {
      "version": "0.7.0",
      "resolved": "https://registry.npmjs.org/rocambole/-/rocambole-0.7.0.tgz",
      "integrity": "sha1-9seVBVF9xCtvuECEK4uVOw+WhYU=",
      "requires": {
        "esprima": "2.7.3"
      }
    },
    "rocambole-indent": {
      "version": "2.0.4",
      "resolved": "https://registry.npmjs.org/rocambole-indent/-/rocambole-indent-2.0.4.tgz",
      "integrity": "sha1-oYokl3ygQAuGHapGMehh3LUtCFw=",
      "requires": {
        "debug": "2.6.9",
        "mout": "0.11.1",
        "rocambole-token": "1.2.1"
      },
      "dependencies": {
        "debug": {
          "version": "2.6.9",
          "resolved": "https://registry.npmjs.org/debug/-/debug-2.6.9.tgz",
          "integrity": "sha512-bC7ElrdJaJnPbAP+1EotYvqZsb3ecl5wi6Bfi6BJTUcNowp6cvspg0jXznRTKDjm/E7AdgFBVeAPVMNcKGsHMA==",
          "requires": {
            "ms": "2.0.0"
          }
        },
        "mout": {
          "version": "0.11.1",
          "resolved": "https://registry.npmjs.org/mout/-/mout-0.11.1.tgz",
          "integrity": "sha1-ujYR318OWx/7/QEWa48C0fX6K5k="
        }
      }
    },
    "rocambole-linebreak": {
      "version": "1.0.2",
      "resolved": "https://registry.npmjs.org/rocambole-linebreak/-/rocambole-linebreak-1.0.2.tgz",
      "integrity": "sha1-A2IVFbQ7RyHJflocG8paA2Y2jy8=",
      "requires": {
        "debug": "2.6.9",
        "rocambole-token": "1.2.1",
        "semver": "4.3.6"
      },
      "dependencies": {
        "debug": {
          "version": "2.6.9",
          "resolved": "https://registry.npmjs.org/debug/-/debug-2.6.9.tgz",
          "integrity": "sha512-bC7ElrdJaJnPbAP+1EotYvqZsb3ecl5wi6Bfi6BJTUcNowp6cvspg0jXznRTKDjm/E7AdgFBVeAPVMNcKGsHMA==",
          "requires": {
            "ms": "2.0.0"
          }
        }
      }
    },
    "rocambole-node": {
      "version": "1.0.0",
      "resolved": "https://registry.npmjs.org/rocambole-node/-/rocambole-node-1.0.0.tgz",
      "integrity": "sha1-21tJ3nQHsAgN1RSHLyjjk9D3/z8="
    },
    "rocambole-token": {
      "version": "1.2.1",
      "resolved": "https://registry.npmjs.org/rocambole-token/-/rocambole-token-1.2.1.tgz",
      "integrity": "sha1-x4XfdCjcPLJ614lwR71SOMwHDTU="
    },
    "rocambole-whitespace": {
      "version": "1.0.0",
      "resolved": "https://registry.npmjs.org/rocambole-whitespace/-/rocambole-whitespace-1.0.0.tgz",
      "integrity": "sha1-YzMJSSVrKZQfWbGQRZ+ZnGsdO/k=",
      "requires": {
        "debug": "2.6.9",
        "repeat-string": "1.6.1",
        "rocambole-token": "1.2.1"
      },
      "dependencies": {
        "debug": {
          "version": "2.6.9",
          "resolved": "https://registry.npmjs.org/debug/-/debug-2.6.9.tgz",
          "integrity": "sha512-bC7ElrdJaJnPbAP+1EotYvqZsb3ecl5wi6Bfi6BJTUcNowp6cvspg0jXznRTKDjm/E7AdgFBVeAPVMNcKGsHMA==",
          "requires": {
            "ms": "2.0.0"
          }
        }
      }
    },
    "semver": {
      "version": "4.3.6",
      "resolved": "https://registry.npmjs.org/semver/-/semver-4.3.6.tgz",
      "integrity": "sha1-MAvG4OhjdPe6YQaLWx7NV/xlMto="
    },
    "serializerr": {
      "version": "1.0.3",
      "resolved": "https://registry.npmjs.org/serializerr/-/serializerr-1.0.3.tgz",
      "integrity": "sha1-EtTFqhw/+49tHcXzlaqUVVacP5E=",
      "requires": {
        "protochain": "1.0.5"
      }
    },
    "sigmund": {
      "version": "1.0.1",
      "resolved": "https://registry.npmjs.org/sigmund/-/sigmund-1.0.1.tgz",
      "integrity": "sha1-P/IfGYytIXX587eBhT/ZTQ0ZtZA=",
      "dev": true
    },
    "source-map": {
      "version": "0.5.7",
      "resolved": "https://registry.npmjs.org/source-map/-/source-map-0.5.7.tgz",
      "integrity": "sha1-igOdLRAh0i0eoUyA2OpGi6LvP8w="
    },
    "source-map-resolve": {
      "version": "0.3.1",
      "resolved": "https://registry.npmjs.org/source-map-resolve/-/source-map-resolve-0.3.1.tgz",
      "integrity": "sha1-YQ9hIqRFuN1RU1oqcbeD38Ekh2E=",
      "dev": true,
      "requires": {
        "atob": "1.1.3",
        "resolve-url": "0.2.1",
        "source-map-url": "0.3.0",
        "urix": "0.1.0"
      }
    },
    "source-map-url": {
      "version": "0.3.0",
      "resolved": "https://registry.npmjs.org/source-map-url/-/source-map-url-0.3.0.tgz",
      "integrity": "sha1-fsrxO1e80J2opAxdJp2zN5nUqvk=",
      "dev": true
    },
    "stdin": {
      "version": "0.0.1",
      "resolved": "https://registry.npmjs.org/stdin/-/stdin-0.0.1.tgz",
      "integrity": "sha1-0wQZgarsPf28d6GzjWNy449ftx4="
    },
    "strip-ansi": {
      "version": "3.0.1",
      "resolved": "https://registry.npmjs.org/strip-ansi/-/strip-ansi-3.0.1.tgz",
      "integrity": "sha1-ajhfuIU9lS1f8F0Oiq+UJ43GPc8=",
      "requires": {
        "ansi-regex": "2.1.1"
      }
    },
    "strip-json-comments": {
      "version": "0.1.3",
      "resolved": "https://registry.npmjs.org/strip-json-comments/-/strip-json-comments-0.1.3.tgz",
      "integrity": "sha1-Fkxk43Coo8wAyeAbU55WmCPw7lQ="
    },
    "supports-color": {
      "version": "1.3.1",
      "resolved": "https://registry.npmjs.org/supports-color/-/supports-color-1.3.1.tgz",
      "integrity": "sha1-FXWN8J2P87SswwdTn6vicJXhBC0="
    },
    "sync-exec": {
      "version": "0.6.2",
      "resolved": "https://registry.npmjs.org/sync-exec/-/sync-exec-0.6.2.tgz",
      "integrity": "sha1-cX0izFPwzh3vVZQ2LzqJouu5EQU="
    },
    "to-fast-properties": {
      "version": "1.0.3",
      "resolved": "https://registry.npmjs.org/to-fast-properties/-/to-fast-properties-1.0.3.tgz",
      "integrity": "sha1-uDVx+k2MJbguIxsG46MFXeTKGkc="
    },
    "to-iso-string": {
      "version": "0.0.2",
      "resolved": "https://registry.npmjs.org/to-iso-string/-/to-iso-string-0.0.2.tgz",
      "integrity": "sha1-TcGeZk38y+Jb2NtQiwDG2hWCVdE=",
      "dev": true
    },
    "type-detect": {
      "version": "1.0.0",
      "resolved": "https://registry.npmjs.org/type-detect/-/type-detect-1.0.0.tgz",
      "integrity": "sha1-diIXzAbbJY7EiQihKY6LlRIejqI=",
      "dev": true
    },
    "urix": {
      "version": "0.1.0",
      "resolved": "https://registry.npmjs.org/urix/-/urix-0.1.0.tgz",
      "integrity": "sha1-2pN/emLiH+wf0Y1Js1wpNQZ6bHI=",
      "dev": true
    },
    "user-home": {
      "version": "2.0.0",
      "resolved": "https://registry.npmjs.org/user-home/-/user-home-2.0.0.tgz",
      "integrity": "sha1-nHC/2Babwdy/SGBODwS4tJzenp8=",
      "requires": {
        "os-homedir": "1.0.2"
      }
    },
    "which": {
      "version": "1.3.0",
      "resolved": "https://registry.npmjs.org/which/-/which-1.3.0.tgz",
      "integrity": "sha512-xcJpopdamTuY5duC/KnTTNBraPK54YwpenP4lzxU8H91GudWpFv38u0CKjclE1Wi2EH2EDz5LRcHcKbCIzqGyg==",
      "requires": {
        "isexe": "2.0.0"
      }
    },
    "wrappy": {
      "version": "1.0.2",
      "resolved": "https://registry.npmjs.org/wrappy/-/wrappy-1.0.2.tgz",
      "integrity": "sha1-tSQ9jz7BqjXxNkYFvA0QNuMKtp8="
    }
  }
}
